
Microsoft Visual Studio Solution File, Format Version 12.00
# Visual Studio Version 17
VisualStudioVersion = 17.0.31903.59
MinimumVisualStudioVersion = 10.0.40219.1
Project("{2150E333-8FDC-42A3-9474-1A3956D46DE8}") = "src", "src", "{827E0CD3-B72D-47B6-A68D-7590B98EB39B}"
EndProject
Project("{FAE04EC0-301F-11D3-BF4B-00C04F79EFBC}") = "DawntrailReady.Core", "src\DawntrailReady.Core\DawntrailReady.Core.csproj", "{3CCB17C2-0590-4694-898B-F7E013EDDC60}"
EndProject
Project("{FAE04EC0-301F-11D3-BF4B-00C04F79EFBC}") = "DawntrailReady", "src\DawntrailReady\DawntrailReady.csproj", "{21547BE0-0419-44AB-AE12-6E0B79786D0D}"
EndProject
Project("{2150E333-8FDC-42A3-9474-1A3956D46DE8}") = "tests", "tests", "{0AB3BF05-4346-4AA6-1389-037BE0695223}"
EndProject
Project("{FAE04EC0-301F-11D3-BF4B-00C04F79EFBC}") = "DawntrailReady.Core.Tests", "tests\DawntrailReady.Core.Tests\DawntrailReady.Core.Tests.csproj", "{52B79739-5C36-4A6C-ADAA-9DE3B637E991}"
EndProject
Global
	GlobalSection(SolutionConfigurationPlatforms) = preSolution
		Debug|Any CPU = Debug|Any CPU
		Debug|x64 = Debug|x64
		Debug|x86 = Debug|x86
		Release|Any CPU = Release|Any CPU
		Release|x64 = Release|x64
		Release|x86 = Release|x86
	EndGlobalSection
	GlobalSection(ProjectConfigurationPlatforms) = postSolution
		{3CCB17C2-0590-4694-898B-F7E013EDDC60}.Debug|Any CPU.ActiveCfg = Debug|Any CPU
		{3CCB17C2-0590-4694-898B-F7E013EDDC60}.Debug|Any CPU.Build.0 = Debug|Any CPU
		{3CCB17C2-0590-4694-898B-F7E013EDDC60}.Debug|x64.ActiveCfg = Debug|Any CPU
		{3CCB17C2-0590-4694-898B-F7E013EDDC60}.Debug|x64.Build.0 = Debug|Any CPU
		{3CCB17C2-0590-4694-898B-F7E013EDDC60}.Debug|x86.ActiveCfg = Debug|Any CPU
		{3CCB17C2-0590-4694-898B-F7E013EDDC60}.Debug|x86.Build.0 = Debug|Any CPU
		{3CCB17C2-0590-4694-898B-F7E013EDDC60}.Release|Any CPU.ActiveCfg = Release|Any CPU
		{3CCB17C2-0590-4694-898B-F7E013EDDC60}.Release|Any CPU.Build.0 = Release|Any CPU
		{3CCB17C2-0590-4694-898B-F7E013EDDC60}.Release|x64.ActiveCfg = Release|Any CPU
		{3CCB17C2-0590-4694-898B-F7E013EDDC60}.Release|x64.Build.0 = Release|Any CPU
		{3CCB17C2-0590-4694-898B-F7E013EDDC60}.Release|x86.ActiveCfg = Release|Any CPU
		{3CCB17C2-0590-4694-898B-F7E013EDDC60}.Release|x86.Build.0 = Release|Any CPU
		{21547BE0-0419-44AB-AE12-6E0B79786D0D}.Debug|Any CPU.ActiveCfg = Debug|x64
		{21547BE0-0419-44AB-AE12-6E0B79786D0D}.Debug|Any CPU.Build.0 = Debug|x64
		{21547BE0-0419-44AB-AE12-6E0B79786D0D}.Debug|x64.ActiveCfg = Debug|x64
		{21547BE0-0419-44AB-AE12-6E0B79786D0D}.Debug|x64.Build.0 = Debug|x64
		{21547BE0-0419-44AB-AE12-6E0B79786D0D}.Debug|x86.ActiveCfg = Debug|x64
		{21547BE0-0419-44AB-AE12-6E0B79786D0D}.Debug|x86.Build.0 = Debug|x64
		{21547BE0-0419-44AB-AE12-6E0B79786D0D}.Release|Any CPU.ActiveCfg = Release|x64
		{21547BE0-0419-44AB-AE12-6E0B79786D0D}.Release|Any CPU.Build.0 = Release|x64
		{21547BE0-0419-44AB-AE12-6E0B79786D0D}.Release|x64.ActiveCfg = Release|x64
		{21547BE0-0419-44AB-AE12-6E0B79786D0D}.Release|x64.Build.0 = Release|x64
		{21547BE0-0419-44AB-AE12-6E0B79786D0D}.Release|x86.ActiveCfg = Release|x64
		{21547BE0-0419-44AB-AE12-6E0B79786D0D}.Release|x86.Build.0 = Release|x64
		{52B79739-5C36-4A6C-ADAA-9DE3B637E991}.Debug|Any CPU.ActiveCfg = Debug|Any CPU
		{52B79739-5C36-4A6C-ADAA-9DE3B637E991}.Debug|Any CPU.Build.0 = Debug|Any CPU
		{52B79739-5C36-4A6C-ADAA-9DE3B637E991}.Debug|x64.ActiveCfg = Debug|Any CPU
		{52B79739-5C36-4A6C-ADAA-9DE3B637E991}.Debug|x64.Build.0 = Debug|Any CPU
		{52B79739-5C36-4A6C-ADAA-9DE3B637E991}.Debug|x86.ActiveCfg = Debug|Any CPU
		{52B79739-5C36-4A6C-ADAA-9DE3B637E991}.Debug|x86.Build.0 = Debug|Any CPU
		{52B79739-5C36-4A6C-ADAA-9DE3B637E991}.Release|Any CPU.ActiveCfg = Release|Any CPU
		{52B79739-5C36-4A6C-ADAA-9DE3B637E991}.Release|Any CPU.Build.0 = Release|Any CPU
		{52B79739-5C36-4A6C-ADAA-9DE3B637E991}.Release|x64.ActiveCfg = Release|Any CPU
		{52B79739-5C36-4A6C-ADAA-9DE3B637E991}.Release|x64.Build.0 = Release|Any CPU
		{52B79739-5C36-4A6C-ADAA-9DE3B637E991}.Release|x86.ActiveCfg = Release|Any CPU
		{52B79739-5C36-4A6C-ADAA-9DE3B637E991}.Release|x86.Build.0 = Release|Any CPU
	EndGlobalSection
	GlobalSection(SolutionProperties) = preSolution
		HideSolutionNode = FALSE
	EndGlobalSection
	GlobalSection(NestedProjects) = preSolution
		{3CCB17C2-0590-4694-898B-F7E013EDDC60} = {827E0CD3-B72D-47B6-A68D-7590B98EB39B}
		{21547BE0-0419-44AB-AE12-6E0B79786D0D} = {827E0CD3-B72D-47B6-A68D-7590B98EB39B}
		{52B79739-5C36-4A6C-ADAA-9DE3B637E991} = {0AB3BF05-4346-4AA6-1389-037BE0695223}
	EndGlobalSection
EndGlobal
